dependencies:
- name: rabbitmq
  repository: https://charts.bitnami.com/bitnami
  version: 11.4.0
- name: iperf3
  repository: https://gradiant.github.io/openverso-charts/
  version: 0.1.2
digest: sha256:9629f4bc577ab68d04d8e2524c4acb89f9498511574dbe911fded5c06817a952
generated: "2023-04-29T20:40:37.879696+02:00"
